// !$*UTF8*$!
{
	archiveVersion = 1;
	classes = {
	};
	objectVersion = 50;
	objects = {

/* Begin PBXBuildFile section */
		2C5387AA222DB3DE00C38D64 /* LoginViewController.swift in Sources */ = {isa = PBXBuildFile; fileRef = 2C5387A9222DB3DE00C38D64 /* LoginViewController.swift */; };
		2C5387AC222DB3F600C38D64 /* FeedViewController.swift in Sources */ = {isa = PBXBuildFile; fileRef = 2C5387AB222DB3F600C38D64 /* FeedViewController.swift */; };
		2C5387AE222DC91A00C38D64 /* CameraViewController.swift in Sources */ = {isa = PBXBuildFile; fileRef = 2C5387AD222DC91A00C38D64 /* CameraViewController.swift */; };
		2C5387B0222DD83700C38D64 /* PostCell.swift in Sources */ = {isa = PBXBuildFile; fileRef = 2C5387AF222DD83700C38D64 /* PostCell.swift */; };
		2CED3735222A01C60067541D /* AppDelegate.swift in Sources */ = {isa = PBXBuildFile; fileRef = 2CED3734222A01C60067541D /* AppDelegate.swift */; };
		2CED373A222A01C60067541D /* Main.storyboard in Resources */ = {isa = PBXBuildFile; fileRef = 2CED3738222A01C60067541D /* Main.storyboard */; };
		2CED373C222A01C80067541D /* Assets.xcassets in Resources */ = {isa = PBXBuildFile; fileRef = 2CED373B222A01C80067541D /* Assets.xcassets */; };
		2CED373F222A01C80067541D /* LaunchScreen.storyboard in Resources */ = {isa = PBXBuildFile; fileRef = 2CED373D222A01C80067541D /* LaunchScreen.storyboard */; };
		2CED374A222A01C80067541D /* NotstagramTests.swift in Sources */ = {isa = PBXBuildFile; fileRef = 2CED3749222A01C80067541D /* NotstagramTests.swift */; };
		2CED3755222A01C80067541D /* NotstagramUITests.swift in Sources */ = {isa = PBXBuildFile; fileRef = 2CED3754222A01C80067541D /* NotstagramUITests.swift */; };
		2D10E67127D4703F28117094 /* Pods_NotstagramUITests.framework in Frameworks */ = {isa = PBXBuildFile; fileRef = 334F9EF8EA8D6446FE2C6CEC /* Pods_NotstagramUITests.framework */; };
		5C1E65472B399D5DF2562580 /* Pods_Notstagram.framework in Frameworks */ = {isa = PBXBuildFile; fileRef = 4B93A521C984908CCFFAD00F /* Pods_Notstagram.framework */; };
		6C0DDA8DC8917243A9492A14 /* Pods_NotstagramTests.framework in Frameworks */ = {isa = PBXBuildFile; fileRef = 3A0620485F139F061240D846 /* Pods_NotstagramTests.framework */; };
/* End PBXBuildFile section */

/* Begin PBXContainerItemProxy section */
		2CED3746222A01C80067541D /* PBXContainerItemProxy */ = {
			isa = PBXContainerItemProxy;
			containerPortal = 2CED3729222A01C60067541D /* Project object */;
			proxyType = 1;
			remoteGlobalIDString = 2CED3730222A01C60067541D;
			remoteInfo = Notstagram;
		};
		2CED3751222A01C80067541D /* PBXContainerItemProxy */ = {
			isa = PBXContainerItemProxy;
			containerPortal = 2CED3729222A01C60067541D /* Project object */;
			proxyType = 1;
			remoteGlobalIDString = 2CED3730222A01C60067541D;
			remoteInfo = Notstagram;
		};
/* End PBXContainerItemProxy section */

/* Begin PBXFileReference section */
		022216AA99F6C6D11AFD0872 /* Pods-NotstagramUITests.release.xcconfig */ = {isa = PBXFileReference; includeInIndex = 1; lastKnownFileType = text.xcconfig; name = "Pods-NotstagramUITests.release.xcconfig"; path = "Target Support Files/Pods-NotstagramUITests/Pods-NotstagramUITests.release.xcconfig"; sourceTree = "<group>"; };
		2C5387A9222DB3DE00C38D64 /* LoginViewController.swift */ = {isa = PBXFileReference; lastKnownFileType = sourcecode.swift; path = LoginViewController.swift; sourceTree = "<group>"; };
		2C5387AB222DB3F600C38D64 /* FeedViewController.swift */ = {isa = PBXFileReference; lastKnownFileType = sourcecode.swift; path = FeedViewController.swift; sourceTree = "<group>"; };
		2C5387AD222DC91A00C38D64 /* CameraViewController.swift */ = {isa = PBXFileReference; lastKnownFileType = sourcecode.swift; path = CameraViewController.swift; sourceTree = "<group>"; };
		2C5387AF222DD83700C38D64 /* PostCell.swift */ = {isa = PBXFileReference; lastKnownFileType = sourcecode.swift; path = PostCell.swift; sourceTree = "<group>"; };
		2CED3731222A01C60067541D /* Notstagram.app */ = {isa = PBXFileReference; explicitFileType = wrapper.application; includeInIndex = 0; path = Notstagram.app; sourceTree = BUILT_PRODUCTS_DIR; };
		2CED3734222A01C60067541D /* AppDelegate.swift */ = {isa = PBXFileReference; lastKnownFileType = sourcecode.swift; path = AppDelegate.swift; sourceTree = "<group>"; };
		2CED3739222A01C60067541D /* Base */ = {isa = PBXFileReference; lastKnownFileType = file.storyboard; name = Base; path = Base.lproj/Main.storyboard; sourceTree = "<group>"; };
		2CED373B222A01C80067541D /* Assets.xcassets */ = {isa = PBXFileReference; lastKnownFileType = folder.assetcatalog; path = Assets.xcassets; sourceTree = "<group>"; };
		2CED373E222A01C80067541D /* Base */ = {isa = PBXFileReference; lastKnownFileType = file.storyboard; name = Base; path = Base.lproj/LaunchScreen.storyboard; sourceTree = "<group>"; };
		2CED3740222A01C80067541D /* Info.plist */ = {isa = PBXFileReference; lastKnownFileType = text.plist.xml; path = Info.plist; sourceTree = "<group>"; };
		2CED3745222A01C80067541D /* NotstagramTests.xctest */ = {isa = PBXFileReference; explicitFileType = wrapper.cfbundle; includeInIndex = 0; path = NotstagramTests.xctest; sourceTree = BUILT_PRODUCTS_DIR; };
		2CED3749222A01C80067541D /* NotstagramTests.swift */ = {isa = PBXFileReference; lastKnownFileType = sourcecode.swift; path = NotstagramTests.swift; sourceTree = "<group>"; };
		2CED374B222A01C80067541D /* Info.plist */ = {isa = PBXFileReference; lastKnownFileType = text.plist.xml; path = Info.plist; sourceTree = "<group>"; };
		2CED3750222A01C80067541D /* NotstagramUITests.xctest */ = {isa = PBXFileReference; explicitFileType = wrapper.cfbundle; includeInIndex = 0; path = NotstagramUITests.xctest; sourceTree = BUILT_PRODUCTS_DIR; };
		2CED3754222A01C80067541D /* NotstagramUITests.swift */ = {isa = PBXFileReference; lastKnownFileType = sourcecode.swift; path = NotstagramUITests.swift; sourceTree = "<group>"; };
		2CED3756222A01C80067541D /* Info.plist */ = {isa = PBXFileReference; lastKnownFileType = text.plist.xml; path = Info.plist; sourceTree = "<group>"; };
		334F9EF8EA8D6446FE2C6CEC /* Pods_NotstagramUITests.framework */ = {isa = PBXFileReference; explicitFileType = wrapper.framework; includeInIndex = 0; path = Pods_NotstagramUITests.framework; sourceTree = BUILT_PRODUCTS_DIR; };
		3A0620485F139F061240D846 /* Pods_NotstagramTests.framework */ = {isa = PBXFileReference; explicitFileType = wrapper.framework; includeInIndex = 0; path = Pods_NotstagramTests.framework; sourceTree = BUILT_PRODUCTS_DIR; };
		4B93A521C984908CCFFAD00F /* Pods_Notstagram.framework */ = {isa = PBXFileReference; explicitFileType = wrapper.framework; includeInIndex = 0; path = Pods_Notstagram.framework; sourceTree = BUILT_PRODUCTS_DIR; };
		7EA312ADEA90B734008B4BD8 /* Pods-Notstagram.debug.xcconfig */ = {isa = PBXFileReference; includeInIndex = 1; lastKnownFileType = text.xcconfig; name = "Pods-Notstagram.debug.xcconfig"; path = "Target Support Files/Pods-Notstagram/Pods-Notstagram.debug.xcconfig"; sourceTree = "<group>"; };
		856BC30BB05D560D75FE493C /* Pods-NotstagramTests.debug.xcconfig */ = {isa = PBXFileReference; includeInIndex = 1; lastKnownFileType = text.xcconfig; name = "Pods-NotstagramTests.debug.xcconfig"; path = "Target Support Files/Pods-NotstagramTests/Pods-NotstagramTests.debug.xcconfig"; sourceTree = "<group>"; };
		CD43E4404BA4A9EC95DA9F90 /* Pods-NotstagramUITests.debug.xcconfig */ = {isa = PBXFileReference; includeInIndex = 1; lastKnownFileType = text.xcconfig; name = "Pods-NotstagramUITests.debug.xcconfig"; path = "Target Support Files/Pods-NotstagramUITests/Pods-NotstagramUITests.debug.xcconfig"; sourceTree = "<group>"; };
		D71F29C8D069A27ABD5691BB /* Pods-Notstagram.release.xcconfig */ = {isa = PBXFileReference; includeInIndex = 1; lastKnownFileType = text.xcconfig; name = "Pods-Notstagram.release.xcconfig"; path = "Target Support Files/Pods-Notstagram/Pods-Notstagram.release.xcconfig"; sourceTree = "<group>"; };
		F3CADFBA7B8AD59349E6E5E4 /* Pods-NotstagramTests.release.xcconfig */ = {isa = PBXFileReference; includeInIndex = 1; lastKnownFileType = text.xcconfig; name = "Pods-NotstagramTests.release.xcconfig"; path = "Target Support Files/Pods-NotstagramTests/Pods-NotstagramTests.release.xcconfig"; sourceTree = "<group>"; };
/* End PBXFileReference section */

/* Begin PBXFrameworksBuildPhase section */
		2CED372E222A01C60067541D /* Frameworks */ = {
			isa = PBXFrameworksBuildPhase;
			buildActionMask = 2147483647;
			files = (
				5C1E65472B399D5DF2562580 /* Pods_Notstagram.framework in Frameworks */,
			);
			runOnlyForDeploymentPostprocessing = 0;
		};
		2CED3742222A01C80067541D /* Frameworks */ = {
			isa = PBXFrameworksBuildPhase;
			buildActionMask = 2147483647;
			files = (
				6C0DDA8DC8917243A9492A14 /* Pods_NotstagramTests.framework in Frameworks */,
			);
			runOnlyForDeploymentPostprocessing = 0;
		};
		2CED374D222A01C80067541D /* Frameworks */ = {
			isa = PBXFrameworksBuildPhase;
			buildActionMask = 2147483647;
			files = (
				2D10E67127D4703F28117094 /* Pods_NotstagramUITests.framework in Frameworks */,
			);
			runOnlyForDeploymentPostprocessing = 0;
		};
/* End PBXFrameworksBuildPhase section */

/* Begin PBXGroup section */
		2CED3728222A01C60067541D = {
			isa = PBXGroup;
			children = (
				2CED3733222A01C60067541D /* Notstagram */,
				2CED3748222A01C80067541D /* NotstagramTests */,
				2CED3753222A01C80067541D /* NotstagramUITests */,
				2CED3732222A01C60067541D /* Products */,
				E18EEEF4528ACF9DDFCA2202 /* Pods */,
				45AD25824D53BFB9A577FE21 /* Frameworks */,
			);
			sourceTree = "<group>";
		};
		2CED3732222A01C60067541D /* Products */ = {
			isa = PBXGroup;
			children = (
				2CED3731222A01C60067541D /* Notstagram.app */,
				2CED3745222A01C80067541D /* NotstagramTests.xctest */,
				2CED3750222A01C80067541D /* NotstagramUITests.xctest */,
			);
			name = Products;
			sourceTree = "<group>";
		};
		2CED3733222A01C60067541D /* Notstagram */ = {
			isa = PBXGroup;
			children = (
				2CED3734222A01C60067541D /* AppDelegate.swift */,
				2CED3738222A01C60067541D /* Main.storyboard */,
				2CED373B222A01C80067541D /* Assets.xcassets */,
				2CED373D222A01C80067541D /* LaunchScreen.storyboard */,
				2CED3740222A01C80067541D /* Info.plist */,
				2C5387A9222DB3DE00C38D64 /* LoginViewController.swift */,
				2C5387AB222DB3F600C38D64 /* FeedViewController.swift */,
				2C5387AD222DC91A00C38D64 /* CameraViewController.swift */,
				2C5387AF222DD83700C38D64 /* PostCell.swift */,
			);
			path = Notstagram;
			sourceTree = "<group>";
		};
		2CED3748222A01C80067541D /* NotstagramTests */ = {
			isa = PBXGroup;
			children = (
				2CED3749222A01C80067541D /* NotstagramTests.swift */,
				2CED374B222A01C80067541D /* Info.plist */,
			);
			path = NotstagramTests;
			sourceTree = "<group>";
		};
		2CED3753222A01C80067541D /* NotstagramUITests */ = {
			isa = PBXGroup;
			children = (
				2CED3754222A01C80067541D /* NotstagramUITests.swift */,
				2CED3756222A01C80067541D /* Info.plist */,
			);
			path = NotstagramUITests;
			sourceTree = "<group>";
		};
		45AD25824D53BFB9A577FE21 /* Frameworks */ = {
			isa = PBXGroup;
			children = (
				4B93A521C984908CCFFAD00F /* Pods_Notstagram.framework */,
				3A0620485F139F061240D846 /* Pods_NotstagramTests.framework */,
				334F9EF8EA8D6446FE2C6CEC /* Pods_NotstagramUITests.framework */,
			);
			name = Frameworks;
			sourceTree = "<group>";
		};
		E18EEEF4528ACF9DDFCA2202 /* Pods */ = {
			isa = PBXGroup;
			children = (
				7EA312ADEA90B734008B4BD8 /* Pods-Notstagram.debug.xcconfig */,
				D71F29C8D069A27ABD5691BB /* Pods-Notstagram.release.xcconfig */,
				856BC30BB05D560D75FE493C /* Pods-NotstagramTests.debug.xcconfig */,
				F3CADFBA7B8AD59349E6E5E4 /* Pods-NotstagramTests.release.xcconfig */,
				CD43E4404BA4A9EC95DA9F90 /* Pods-NotstagramUITests.debug.xcconfig */,
				022216AA99F6C6D11AFD0872 /* Pods-NotstagramUITests.release.xcconfig */,
			);
			path = Pods;
			sourceTree = "<group>";
		};
/* End PBXGroup section */

/* Begin PBXNativeTarget section */
		2CED3730222A01C60067541D /* Notstagram */ = {
			isa = PBXNativeTarget;
			buildConfigurationList = 2CED3759222A01C80067541D /* Build configuration list for PBXNativeTarget "Notstagram" */;
			buildPhases = (
				FA8516FC85FF6F5B6B0E5C5C /* [CP] Check Pods Manifest.lock */,
				2CED372D222A01C60067541D /* Sources */,
				2CED372E222A01C60067541D /* Frameworks */,
				2CED372F222A01C60067541D /* Resources */,
				9F82E1BA83A9D638D4996282 /* [CP] Embed Pods Frameworks */,
			);
			buildRules = (
			);
			dependencies = (
			);
			name = Notstagram;
			productName = Notstagram;
			productReference = 2CED3731222A01C60067541D /* Notstagram.app */;
			productType = "com.apple.product-type.application";
		};
		2CED3744222A01C80067541D /* NotstagramTests */ = {
			isa = PBXNativeTarget;
			buildConfigurationList = 2CED375C222A01C80067541D /* Build configuration list for PBXNativeTarget "NotstagramTests" */;
			buildPhases = (
				C6908B5290ADFD8C8EB0D843 /* [CP] Check Pods Manifest.lock */,
				2CED3741222A01C80067541D /* Sources */,
				2CED3742222A01C80067541D /* Frameworks */,
				2CED3743222A01C80067541D /* Resources */,
			);
			buildRules = (
			);
			dependencies = (
				2CED3747222A01C80067541D /* PBXTargetDependency */,
			);
			name = NotstagramTests;
			productName = NotstagramTests;
			productReference = 2CED3745222A01C80067541D /* NotstagramTests.xctest */;
			productType = "com.apple.product-type.bundle.unit-test";
		};
		2CED374F222A01C80067541D /* NotstagramUITests */ = {
			isa = PBXNativeTarget;
			buildConfigurationList = 2CED375F222A01C80067541D /* Build configuration list for PBXNativeTarget "NotstagramUITests" */;
			buildPhases = (
				B44B774DB6BB1D44F7D83673 /* [CP] Check Pods Manifest.lock */,
				2CED374C222A01C80067541D /* Sources */,
				2CED374D222A01C80067541D /* Frameworks */,
				2CED374E222A01C80067541D /* Resources */,
			);
			buildRules = (
			);
			dependencies = (
				2CED3752222A01C80067541D /* PBXTargetDependency */,
			);
			name = NotstagramUITests;
			productName = NotstagramUITests;
			productReference = 2CED3750222A01C80067541D /* NotstagramUITests.xctest */;
			productType = "com.apple.product-type.bundle.ui-testing";
		};
/* End PBXNativeTarget section */

/* Begin PBXProject section */
		2CED3729222A01C60067541D /* Project object */ = {
			isa = PBXProject;
			attributes = {
				LastSwiftUpdateCheck = 1010;
				LastUpgradeCheck = 1010;
				ORGANIZATIONNAME = "Eddie Rodriguez";
				TargetAttributes = {
					2CED3730222A01C60067541D = {
						CreatedOnToolsVersion = 10.1;
					};
					2CED3744222A01C80067541D = {
						CreatedOnToolsVersion = 10.1;
						TestTargetID = 2CED3730222A01C60067541D;
					};
					2CED374F222A01C80067541D = {
						CreatedOnToolsVersion = 10.1;
						TestTargetID = 2CED3730222A01C60067541D;
					};
				};
			};
			buildConfigurationList = 2CED372C222A01C60067541D /* Build configuration list for PBXProject "Notstagram" */;
			compatibilityVersion = "Xcode 9.3";
			developmentRegion = en;
			hasScannedForEncodings = 0;
			knownRegions = (
				en,
				Base,
			);
			mainGroup = 2CED3728222A01C60067541D;
			productRefGroup = 2CED3732222A01C60067541D /* Products */;
			projectDirPath = "";
			projectRoot = "";
			targets = (
				2CED3730222A01C60067541D /* Notstagram */,
				2CED3744222A01C80067541D /* NotstagramTests */,
				2CED374F222A01C80067541D /* NotstagramUITests */,
			);
		};
/* End PBXProject section */

/* Begin PBXResourcesBuildPhase section */
		2CED372F222A01C60067541D /* Resources */ = {
			isa = PBXResourcesBuildPhase;
			buildActionMask = 2147483647;
			files = (
				2CED373F222A01C80067541D /* LaunchScreen.storyboard in Resources */,
				2CED373C222A01C80067541D /* Assets.xcassets in Resources */,
				2CED373A222A01C60067541D /* Main.storyboard in Resources */,
			);
			runOnlyForDeploymentPostprocessing = 0;
		};
		2CED3743222A01C80067541D /* Resources */ = {
			isa = PBXResourcesBuildPhase;
			buildActionMask = 2147483647;
			files = (
			);
			runOnlyForDeploymentPostprocessing = 0;
		};
		2CED374E222A01C80067541D /* Resources */ = {
			isa = PBXResourcesBuildPhase;
			buildActionMask = 2147483647;
			files = (
			);
			runOnlyForDeploymentPostprocessing = 0;
		};
/* End PBXResourcesBuildPhase section */

/* Begin PBXShellScriptBuildPhase section */
		9F82E1BA83A9D638D4996282 /* [CP] Embed Pods Frameworks */ = {
			isa = PBXShellScriptBuildPhase;
			buildActionMask = 2147483647;
			files = (
			);
			inputFileListPaths = (
			);
			inputPaths = (
				"${PODS_ROOT}/Target Support Files/Pods-Notstagram/Pods-Notstagram-frameworks.sh",
				"${BUILT_PRODUCTS_DIR}/Alamofire/Alamofire.framework",
				"${BUILT_PRODUCTS_DIR}/AlamofireImage/AlamofireImage.framework",
				"${BUILT_PRODUCTS_DIR}/Bolts/Bolts.framework",
				"${BUILT_PRODUCTS_DIR}/FBSDKCoreKit/FBSDKCoreKit.framework",
				"${BUILT_PRODUCTS_DIR}/FBSDKLoginKit/FBSDKLoginKit.framework",
				"${BUILT_PRODUCTS_DIR}/Parse/Parse.framework",
			);
			name = "[CP] Embed Pods Frameworks";
			outputFileListPaths = (
			);
			outputPaths = (
				"${TARGET_BUILD_DIR}/${FRAMEWORKS_FOLDER_PATH}/Alamofire.framework",
				"${TARGET_BUILD_DIR}/${FRAMEWORKS_FOLDER_PATH}/AlamofireImage.framework",
				"${TARGET_BUILD_DIR}/${FRAMEWORKS_FOLDER_PATH}/Bolts.framework",
				"${TARGET_BUILD_DIR}/${FRAMEWORKS_FOLDER_PATH}/FBSDKCoreKit.framework",
				"${TARGET_BUILD_DIR}/${FRAMEWORKS_FOLDER_PATH}/FBSDKLoginKit.framework",
				"${TARGET_BUILD_DIR}/${FRAMEWORKS_FOLDER_PATH}/Parse.framework",
			);
			runOnlyForDeploymentPostprocessing = 0;
			shellPath = /bin/sh;
			shellScript = "\"${PODS_ROOT}/Target Support Files/Pods-Notstagram/Pods-Notstagram-frameworks.sh\"\n";
			showEnvVarsInLog = 0;
		};
		B44B774DB6BB1D44F7D83673 /* [CP] Check Pods Manifest.lock */ = {
			isa = PBXShellScriptBuildPhase;
			buildActionMask = 2147483647;
			files = (
			);
			inputFileListPaths = (
			);
			inputPaths = (
				"${PODS_PODFILE_DIR_PATH}/Podfile.lock",
				"${PODS_ROOT}/Manifest.lock",
			);
			name = "[CP] Check Pods Manifest.lock";
			outputFileListPaths = (
			);
			outputPaths = (
				"$(DERIVED_FILE_DIR)/Pods-NotstagramUITests-checkManifestLockResult.txt",
			);
			runOnlyForDeploymentPostprocessing = 0;
			shellPath = /bin/sh;
			shellScript = "diff \"${PODS_PODFILE_DIR_PATH}/Podfile.lock\" \"${PODS_ROOT}/Manifest.lock\" > /dev/null\nif [ $? != 0 ] ; then\n    # print error to STDERR\n    echo \"error: The sandbox is not in sync with the Podfile.lock. Run 'pod install' or update your CocoaPods installation.\" >&2\n    exit 1\nfi\n# This output is used by Xcode 'outputs' to avoid re-running this script phase.\necho \"SUCCESS\" > \"${SCRIPT_OUTPUT_FILE_0}\"\n";
			showEnvVarsInLog = 0;
		};
		C6908B5290ADFD8C8EB0D843 /* [CP] Check Pods Manifest.lock */ = {
			isa = PBXShellScriptBuildPhase;
			buildActionMask = 2147483647;
			files = (
			);
			inputFileListPaths = (
			);
			inputPaths = (
				"${PODS_PODFILE_DIR_PATH}/Podfile.lock",
				"${PODS_ROOT}/Manifest.lock",
			);
			name = "[CP] Check Pods Manifest.lock";
			outputFileListPaths = (
			);
			outputPaths = (
				"$(DERIVED_FILE_DIR)/Pods-NotstagramTests-checkManifestLockResult.txt",
			);
			runOnlyForDeploymentPostprocessing = 0;
			shellPath = /bin/sh;
			shellScript = "diff \"${PODS_PODFILE_DIR_PATH}/Podfile.lock\" \"${PODS_ROOT}/Manifest.lock\" > /dev/null\nif [ $? != 0 ] ; then\n    # print error to STDERR\n    echo \"error: The sandbox is not in sync with the Podfile.lock. Run 'pod install' or update your CocoaPods installation.\" >&2\n    exit 1\nfi\n# This output is used by Xcode 'outputs' to avoid re-running this script phase.\necho \"SUCCESS\" > \"${SCRIPT_OUTPUT_FILE_0}\"\n";
			showEnvVarsInLog = 0;
		};
		FA8516FC85FF6F5B6B0E5C5C /* [CP] Check Pods Manifest.lock */ = {
			isa = PBXShellScriptBuildPhase;
			buildActionMask = 2147483647;
			files = (
			);
			inputFileListPaths = (
			);
			inputPaths = (
				"${PODS_PODFILE_DIR_PATH}/Podfile.lock",
				"${PODS_ROOT}/Manifest.lock",
			);
			name = "[CP] Check Pods Manifest.lock";
			outputFileListPaths = (
			);
			outputPaths = (
				"$(DERIVED_FILE_DIR)/Pods-Notstagram-checkManifestLockResult.txt",
			);
			runOnlyForDeploymentPostprocessing = 0;
			shellPath = /bin/sh;
			shellScript = "diff \"${PODS_PODFILE_DIR_PATH}/Podfile.lock\" \"${PODS_ROOT}/Manifest.lock\" > /dev/null\nif [ $? != 0 ] ; then\n    # print error to STDERR\n    echo \"error: The sandbox is not in sync with the Podfile.lock. Run 'pod install' or update your CocoaPods installation.\" >&2\n    exit 1\nfi\n# This output is used by Xcode 'outputs' to avoid re-running this script phase.\necho \"SUCCESS\" > \"${SCRIPT_OUTPUT_FILE_0}\"\n";
			showEnvVarsInLog = 0;
		};
/* End PBXShellScriptBuildPhase section */

/* Begin PBXSourcesBuildPhase section */
		2CED372D222A01C60067541D /* Sources */ = {
			isa = PBXSourcesBuildPhase;
			buildActionMask = 2147483647;
			files = (
				2C5387AA222DB3DE00C38D64 /* LoginViewController.swift in Sources */,
				2C5387AE222DC91A00C38D64 /* CameraViewController.swift in Sources */,
				2C5387AC222DB3F600C38D64 /* FeedViewController.swift in Sources */,
				2CED3735222A01C60067541D /* AppDelegate.swift in Sources */,
				2C5387B0222DD83700C38D64 /* PostCell.swift in Sources */,
			);
			runOnlyForDeploymentPostprocessing = 0;
		};
		2CED3741222A01C80067541D /* Sources */ = {
			isa = PBXSourcesBuildPhase;
			buildActionMask = 2147483647;
			files = (
				2CED374A222A01C80067541D /* NotstagramTests.swift in Sources */,
			);
			runOnlyForDeploymentPostprocessing = 0;
		};
		2CED374C222A01C80067541D /* Sources */ = {
			isa = PBXSourcesBuildPhase;
			buildActionMask = 2147483647;
			files = (
				2CED3755222A01C80067541D /* NotstagramUITests.swift in Sources */,
			);
			runOnlyForDeploymentPostprocessing = 0;
		};
/* End PBXSourcesBuildPhase section */

/* Begin PBXTargetDependency section */
		2CED3747222A01C80067541D /* PBXTargetDependency */ = {
			isa = PBXTargetDependency;
			target = 2CED3730222A01C60067541D /* Notstagram */;
			targetProxy = 2CED3746222A01C80067541D /* PBXContainerItemProxy */;
		};
		2CED3752222A01C80067541D /* PBXTargetDependency */ = {
			isa = PBXTargetDependency;
			target = 2CED3730222A01C60067541D /* Notstagram */;
			targetProxy = 2CED3751222A01C80067541D /* PBXContainerItemProxy */;
		};
/* End PBXTargetDependency section */

/* Begin PBXVariantGroup section */
		2CED3738222A01C60067541D /* Main.storyboard */ = {
			isa = PBXVariantGroup;
			children = (
				2CED3739222A01C60067541D /* Base */,
			);
			name = Main.storyboard;
			sourceTree = "<group>";
		};
		2CED373D222A01C80067541D /* LaunchScreen.storyboard */ = {
			isa = PBXVariantGroup;
			children = (
				2CED373E222A01C80067541D /* Base */,
			);
			name = LaunchScreen.storyboard;
			sourceTree = "<group>";
		};
/* End PBXVariantGroup section */

/* Begin XCBuildConfiguration section */
		2CED3757222A01C80067541D /* Debug */ = {
			isa = XCBuildConfiguration;
			buildSettings = {
				ALWAYS_SEARCH_USER_PATHS = NO;
				CLANG_ANALYZER_NONNULL = YES;
				CLANG_ANALYZER_NUMBER_OBJECT_CONVERSION = YES_AGGRESSIVE;
				CLANG_CXX_LANGUAGE_STANDARD = "gnu++14";
				CLANG_CXX_LIBRARY = "libc++";
				CLANG_ENABLE_MODULES = YES;
				CLANG_ENABLE_OBJC_ARC = YES;
				CLANG_ENABLE_OBJC_WEAK = YES;
				CLANG_WARN_BLOCK_CAPTURE_AUTORELEASING = YES;
				CLANG_WARN_BOOL_CONVERSION = YES;
				CLANG_WARN_COMMA = YES;
				CLANG_WARN_CONSTANT_CONVERSION = YES;
				CLANG_WARN_DEPRECATED_OBJC_IMPLEMENTATIONS = YES;
				CLANG_WARN_DIRECT_OBJC_ISA_USAGE = YES_ERROR;
				CLANG_WARN_DOCUMENTATION_COMMENTS = YES;
				CLANG_WARN_EMPTY_BODY = YES;
				CLANG_WARN_ENUM_CONVERSION = YES;
				CLANG_WARN_INFINITE_RECURSION = YES;
				CLANG_WARN_INT_CONVERSION = YES;
				CLANG_WARN_NON_LITERAL_NULL_CONVERSION = YES;
				CLANG_WARN_OBJC_IMPLICIT_RETAIN_SELF = YES;
				CLANG_WARN_OBJC_LITERAL_CONVERSION = YES;
				CLANG_WARN_OBJC_ROOT_CLASS = YES_ERROR;
				CLANG_WARN_RANGE_LOOP_ANALYSIS = YES;
				CLANG_WARN_STRICT_PROTOTYPES = YES;
				CLANG_WARN_SUSPICIOUS_MOVE = YES;
				CLANG_WARN_UNGUARDED_AVAILABILITY = YES_AGGRESSIVE;
				CLANG_WARN_UNREACHABLE_CODE = YES;
				CLANG_WARN__DUPLICATE_METHOD_MATCH = YES;
				CODE_SIGN_IDENTITY = "iPhone Developer";
				COPY_PHASE_STRIP = NO;
				DEBUG_INFORMATION_FORMAT = dwarf;
				ENABLE_STRICT_OBJC_MSGSEND = YES;
				ENABLE_TESTABILITY = YES;
				GCC_C_LANGUAGE_STANDARD = gnu11;
				GCC_DYNAMIC_NO_PIC = NO;
				GCC_NO_COMMON_BLOCKS = YES;
				GCC_OPTIMIZATION_LEVEL = 0;
				GCC_PREPROCESSOR_DEFINITIONS = (
					"DEBUG=1",
					"$(inherited)",
				);
				GCC_WARN_64_TO_32_BIT_CONVERSION = YES;
				GCC_WARN_ABOUT_RETURN_TYPE = YES_ERROR;
				GCC_WARN_UNDECLARED_SELECTOR = YES;
				GCC_WARN_UNINITIALIZED_AUTOS = YES_AGGRESSIVE;
				GCC_WARN_UNUSED_FUNCTION = YES;
				GCC_WARN_UNUSED_VARIABLE = YES;
				IPHONEOS_DEPLOYMENT_TARGET = 12.1;
				MTL_ENABLE_DEBUG_INFO = INCLUDE_SOURCE;
				MTL_FAST_MATH = YES;
				ONLY_ACTIVE_ARCH = YES;
				SDKROOT = iphoneos;
				SWIFT_ACTIVE_COMPILATION_CONDITIONS = DEBUG;
				SWIFT_OPTIMIZATION_LEVEL = "-Onone";
			};
			name = Debug;
		};
		2CED3758222A01C80067541D /* Release */ = {
			isa = XCBuildConfiguration;
			buildSettings = {
				ALWAYS_SEARCH_USER_PATHS = NO;
				CLANG_ANALYZER_NONNULL = YES;
				CLANG_ANALYZER_NUMBER_OBJECT_CONVERSION = YES_AGGRESSIVE;
				CLANG_CXX_LANGUAGE_STANDARD = "gnu++14";
				CLANG_CXX_LIBRARY = "libc++";
				CLANG_ENABLE_MODULES = YES;
				CLANG_ENABLE_OBJC_ARC = YES;
				CLANG_ENABLE_OBJC_WEAK = YES;
				CLANG_WARN_BLOCK_CAPTURE_AUTORELEASING = YES;
				CLANG_WARN_BOOL_CONVERSION = YES;
				CLANG_WARN_COMMA = YES;
				CLANG_WARN_CONSTANT_CONVERSION = YES;
				CLANG_WARN_DEPRECATED_OBJC_IMPLEMENTATIONS = YES;
				CLANG_WARN_DIRECT_OBJC_ISA_USAGE = YES_ERROR;
				CLANG_WARN_DOCUMENTATION_COMMENTS = YES;
				CLANG_WARN_EMPTY_BODY = YES;
				CLANG_WARN_ENUM_CONVERSION = YES;
				CLANG_WARN_INFINITE_RECURSION = YES;
				CLANG_WARN_INT_CONVERSION = YES;
				CLANG_WARN_NON_LITERAL_NULL_CONVERSION = YES;
				CLANG_WARN_OBJC_IMPLICIT_RETAIN_SELF = YES;
				CLANG_WARN_OBJC_LITERAL_CONVERSION = YES;
				CLANG_WARN_OBJC_ROOT_CLASS = YES_ERROR;
				CLANG_WARN_RANGE_LOOP_ANALYSIS = YES;
				CLANG_WARN_STRICT_PROTOTYPES = YES;
				CLANG_WARN_SUSPICIOUS_MOVE = YES;
				CLANG_WARN_UNGUARDED_AVAILABILITY = YES_AGGRESSIVE;
				CLANG_WARN_UNREACHABLE_CODE = YES;
				CLANG_WARN__DUPLICATE_METHOD_MATCH = YES;
				CODE_SIGN_IDENTITY = "iPhone Developer";
				COPY_PHASE_STRIP = NO;
				DEBUG_INFORMATION_FORMAT = "dwarf-with-dsym";
				ENABLE_NS_ASSERTIONS = NO;
				ENABLE_STRICT_OBJC_MSGSEND = YES;
				GCC_C_LANGUAGE_STANDARD = gnu11;
				GCC_NO_COMMON_BLOCKS = YES;
				GCC_WARN_64_TO_32_BIT_CONVERSION = YES;
				GCC_WARN_ABOUT_RETURN_TYPE = YES_ERROR;
				GCC_WARN_UNDECLARED_SELECTOR = YES;
				GCC_WARN_UNINITIALIZED_AUTOS = YES_AGGRESSIVE;
				GCC_WARN_UNUSED_FUNCTION = YES;
				GCC_WARN_UNUSED_VARIABLE = YES;
				IPHONEOS_DEPLOYMENT_TARGET = 12.1;
				MTL_ENABLE_DEBUG_INFO = NO;
				MTL_FAST_MATH = YES;
				SDKROOT = iphoneos;
				SWIFT_COMPILATION_MODE = wholemodule;
				SWIFT_OPTIMIZATION_LEVEL = "-O";
				VALIDATE_PRODUCT = YES;
			};
			name = Release;
		};
		2CED375A222A01C80067541D /* Debug */ = {
			isa = XCBuildConfiguration;
			baseConfigurationReference = 7EA312ADEA90B734008B4BD8 /* Pods-Notstagram.debug.xcconfig */;
			buildSettings = {
				ASSETCATALOG_COMPILER_APPICON_NAME = AppIcon;
				CODE_SIGN_STYLE = Automatic;
				DEVELOPMENT_TEAM = WGA453CYUK;
				INFOPLIST_FILE = Notstagram/Info.plist;
				LD_RUNPATH_SEARCH_PATHS = (
					"$(inherited)",
					"@executable_path/Frameworks",
				);
				PRODUCT_BUNDLE_IDENTIFIER = reddie.Notstagram;
				PRODUCT_NAME = "$(TARGET_NAME)";
				SWIFT_VERSION = 4.2;
				TARGETED_DEVICE_FAMILY = "1,2";
			};
			name = Debug;
		};
		2CED375B222A01C80067541D /* Release */ = {
			isa = XCBuildConfiguration;
			baseConfigurationReference = D71F29C8D069A27ABD5691BB /* Pods-Notstagram.release.xcconfig */;
			buildSettings = {
				ASSETCATALOG_COMPILER_APPICON_NAME = AppIcon;
				CODE_SIGN_STYLE = Automatic;
				DEVELOPMENT_TEAM = WGA453CYUK;
				INFOPLIST_FILE = Notstagram/Info.plist;
				LD_RUNPATH_SEARCH_PATHS = (
					"$(inherited)",
					"@executable_path/Frameworks",
				);
				PRODUCT_BUNDLE_IDENTIFIER = reddie.Notstagram;
				PRODUCT_NAME = "$(TARGET_NAME)";
				SWIFT_VERSION = 4.2;
				TARGETED_DEVICE_FAMILY = "1,2";
			};
			name = Release;
		};
		2CED375D222A01C80067541D /* Debug */ = {
			isa = XCBuildConfiguration;
			baseConfigurationReference = 856BC30BB05D560D75FE493C /* Pods-NotstagramTests.debug.xcconfig */;
			buildSettings = {
				ALWAYS_EMBED_SWIFT_STANDARD_LIBRARIES = YES;
				BUNDLE_LOADER = "$(TEST_HOST)";
				CODE_SIGN_STYLE = Automatic;
				DEVELOPMENT_TEAM = WGA453CYUK;
				INFOPLIST_FILE = NotstagramTests/Info.plist;
				LD_RUNPATH_SEARCH_PATHS = (
					"$(inherited)",
					"@executable_path/Frameworks",
					"@loader_path/Frameworks",
				);
				PRODUCT_BUNDLE_IDENTIFIER = reddie.NotstagramTests;
				PRODUCT_NAME = "$(TARGET_NAME)";
				SWIFT_VERSION = 4.2;
				TARGETED_DEVICE_FAMILY = "1,2";
				TEST_HOST = "$(BUILT_PRODUCTS_DIR)/Notstagram.app/Notstagram";
			};
			name = Debug;
		};
		2CED375E222A01C80067541D /* Release */ = {
			isa = XCBuildConfiguration;
			baseConfigurationReference = F3CADFBA7B8AD59349E6E5E4 /* Pods-NotstagramTests.release.xcconfig */;
			buildSettings = {
				ALWAYS_EMBED_SWIFT_STANDARD_LIBRARIES = YES;
				BUNDLE_LOADER = "$(TEST_HOST)";
				CODE_SIGN_STYLE = Automatic;
				DEVELOPMENT_TEAM = WGA453CYUK;
				INFOPLIST_FILE = NotstagramTests/Info.plist;
				LD_RUNPATH_SEARCH_PATHS = (
					"$(inherited)",
					"@executable_path/Frameworks",
					"@loader_path/Frameworks",
				);
				PRODUCT_BUNDLE_IDENTIFIER = reddie.NotstagramTests;
				PRODUCT_NAME = "$(TARGET_NAME)";
				SWIFT_VERSION = 4.2;
				TARGETED_DEVICE_FAMILY = "1,2";
				TEST_HOST = "$(BUILT_PRODUCTS_DIR)/Notstagram.app/Notstagram";
			};
			name = Release;
		};
		2CED3760222A01C80067541D /* Debug */ = {
			isa = XCBuildConfiguration;
			baseConfigurationReference = CD43E4404BA4A9EC95DA9F90 /* Pods-NotstagramUITests.debug.xcconfig */;
			buildSettings = {
				ALWAYS_EMBED_SWIFT_STANDARD_LIBRARIES = YES;
				CODE_SIGN_STYLE = Automatic;
				DEVELOPMENT_TEAM = WGA453CYUK;
				INFOPLIST_FILE = NotstagramUITests/Info.plist;
				LD_RUNPATH_SEARCH_PATHS = (
					"$(inherited)",
					"@executable_path/Frameworks",
					"@loader_path/Frameworks",
				);
				PRODUCT_BUNDLE_IDENTIFIER = reddie.NotstagramUITests;
				PRODUCT_NAME = "$(TARGET_NAME)";
				SWIFT_VERSION = 4.2;
				TARGETED_DEVICE_FAMILY = "1,2";
				TEST_TARGET_NAME = Notstagram;
			};
			name = Debug;
		};
		2CED3761222A01C80067541D /* Release */ = {
			isa = XCBuildConfiguration;
			baseConfigurationReference = 022216AA99F6C6D11AFD0872 /* Pods-NotstagramUITests.release.xcconfig */;
			buildSettings = {
				ALWAYS_EMBED_SWIFT_STANDARD_LIBRARIES = YES;
				CODE_SIGN_STYLE = Automatic;
				DEVELOPMENT_TEAM = WGA453CYUK;
				INFOPLIST_FILE = NotstagramUITests/Info.plist;
				LD_RUNPATH_SEARCH_PATHS = (
					"$(inherited)",
					"@executable_path/Frameworks",
					"@loader_path/Frameworks",
				);
				PRODUCT_BUNDLE_IDENTIFIER = reddie.NotstagramUITests;
				PRODUCT_NAME = "$(TARGET_NAME)";
				SWIFT_VERSION = 4.2;
				TARGETED_DEVICE_FAMILY = "1,2";
				TEST_TARGET_NAME = Notstagram;
			};
			name = Release;
		};
/* End XCBuildConfiguration section */

/* Begin XCConfigurationList section */
		2CED372C222A01C60067541D /* Build configuration list for PBXProject "Notstagram" */ = {
			isa = XCConfigurationList;
			buildConfigurations = (
				2CED3757222A01C80067541D /* Debug */,
				2CED3758222A01C80067541D /* Release */,
			);
			defaultConfigurationIsVisible = 0;
			defaultConfigurationName = Release;
		};
		2CED3759222A01C80067541D /* Build configuration list for PBXNativeTarget "Notstagram" */ = {
			isa = XCConfigurationList;
			buildConfigurations = (
				2CED375A222A01C80067541D /* Debug */,
				2CED375B222A01C80067541D /* Release */,
			);
			defaultConfigurationIsVisible = 0;
			defaultConfigurationName = Release;
		};
		2CED375C222A01C80067541D /* Build configuration list for PBXNativeTarget "NotstagramTests" */ = {
			isa = XCConfigurationList;
			buildConfigurations = (
				2CED375D222A01C80067541D /* Debug */,
				2CED375E222A01C80067541D /* Release */,
			);
			defaultConfigurationIsVisible = 0;
			defaultConfigurationName = Release;
		};
		2CED375F222A01C80067541D /* Build configuration list for PBXNativeTarget "NotstagramUITests" */ = {
			isa = XCConfigurationList;
			buildConfigurations = (
				2CED3760222A01C80067541D /* Debug */,
				2CED3761222A01C80067541D /* Release */,
			);
			defaultConfigurationIsVisible = 0;
			defaultConfigurationName = Release;
		};
/* End XCConfigurationList section */
	};
	rootObject = 2CED3729222A01C60067541D /* Project object */;
}
